
Microsoft Visual Studio Solution File, Format Version 12.00
# Visual Studio 14
VisualStudioVersion = 14.0.23107.0
MinimumVisualStudioVersion = 10.0.40219.1
Project("{FAE04EC0-301F-11D3-BF4B-00C04F79EFBC}") = "TupleGeo.Apps.451", "src\TupleGeo.Apps\src\TupleGeo.Apps.451.csproj", "{8113A9A5-5588-459F-B6B2-2BADDB2FCE80}"
EndProject
Project("{FAE04EC0-301F-11D3-BF4B-00C04F79EFBC}") = "TupleGeo.Apps.Presentation.451", "src\TupleGeo.Apps.Presentation\src\TupleGeo.Apps.Presentation.451.csproj", "{DD20A19F-E078-4D99-9E48-234802D66219}"
EndProject
Project("{FAE04EC0-301F-11D3-BF4B-00C04F79EFBC}") = "TupleGeo.General.451", "src\TupleGeo.General\src\TupleGeo.General.451.csproj", "{E303F1F2-2643-4100-B4F9-0D6109669837}"
EndProject
Project("{FAE04EC0-301F-11D3-BF4B-00C04F79EFBC}") = "TupleGeo.General.Tests.451", "src\TupleGeo.General\tests\TupleGeo.General.Tests.451.csproj", "{2E52C53E-5D5F-4449-B914-E31A88447170}"
EndProject
Project("{FAE04EC0-301F-11D3-BF4B-00C04F79EFBC}") = "TupleGeo.General.ComponentModel.Design.451", "src\TupleGeo.General.ComponentModel.Design\src\TupleGeo.General.ComponentModel.Design.451.csproj", "{AC25E10C-9F4D-4470-AAB1-5C6042221CCE}"
EndProject
Project("{FAE04EC0-301F-11D3-BF4B-00C04F79EFBC}") = "TupleGeo.General.ComponentModel.Design.Tests.451", "src\TupleGeo.General.ComponentModel.Design\tests\TupleGeo.General.ComponentModel.Design.Tests.451.csproj", "{1884EF87-3EAA-4E9F-9954-200FBA5314F7}"
EndProject
Project("{FAE04EC0-301F-11D3-BF4B-00C04F79EFBC}") = "TupleGeo.General.Text.Greek.451", "src\TupleGeo.General.Text.Greek\src\TupleGeo.General.Text.Greek.451.csproj", "{8D47C525-B2EE-4A03-8BC6-E3B172BBB623}"
EndProject
Project("{FAE04EC0-301F-11D3-BF4B-00C04F79EFBC}") = "TupleGeo.Presentation.Forms.451", "src\TupleGeo.Presentation.Forms\src\TupleGeo.Presentation.Forms.451.csproj", "{2CEE1E6E-1410-4825-925E-C58EADD59D4E}"
EndProject
Project("{FAE04EC0-301F-11D3-BF4B-00C04F79EFBC}") = "TupleGeo.Resources.451", "src\TupleGeo.Resources\src\TupleGeo.Resources.451.csproj", "{46C5DBD5-1025-42BC-AFF9-DCAE7E898068}"
EndProject
Project("{FAE04EC0-301F-11D3-BF4B-00C04F79EFBC}") = "TupleGeo.General.Windows.Forms.451", "src\TupleGeo.General.Windows.Forms\src\TupleGeo.General.Windows.Forms.451.csproj", "{11B17B5E-E13D-409E-AAF4-EACBAC27838E}"
EndProject
Project("{FAE04EC0-301F-11D3-BF4B-00C04F79EFBC}") = "TupleGeo.General.Windows.Presentation.451", "src\TupleGeo.General.Windows.Presentation\src\TupleGeo.General.Windows.Presentation.451.csproj", "{8529BEC9-340D-44F5-81CF-5E2AD7FB321A}"
EndProject
Project("{FAE04EC0-301F-11D3-BF4B-00C04F79EFBC}") = "TupleGeo.General.Windows.Presentation.Tests.451", "src\TupleGeo.General.Windows.Presentation\tests\TupleGeo.General.Windows.Presentation.Tests.451.csproj", "{D276C9BF-179A-47DF-917A-85E68F940D86}"
EndProject
Project("{FAE04EC0-301F-11D3-BF4B-00C04F79EFBC}") = "TupleGeo.TemplateApplication.451", "src\TupleGeo.TemplateApplication\src\TupleGeo.TemplateApplication.451.csproj", "{21C99ABD-41BF-4365-8A3D-399D76A6311B}"
EndProject
Project("{FAE04EC0-301F-11D3-BF4B-00C04F79EFBC}") = "TupleGeo.Apps.Presentation.Tests.451", "src\TupleGeo.Apps.Presentation\tests\TupleGeo.Apps.Presentation.Tests.451.csproj", "{4D4A7F84-134E-4F5D-B9EC-1B216E8623C9}"
EndProject
Project("{2150E333-8FDC-42A3-9474-1A3956D46DE8}") = "Documentation", "Documentation", "{02D1B0D8-2775-4DFA-AD8B-FDFF7E809465}"
	ProjectSection(SolutionItems) = preProject
		TupleGeo.Base.451.Html.shfbproj = TupleGeo.Base.451.Html.shfbproj
		TupleGeo.Base.451.Markdown.shfbproj = TupleGeo.Base.451.Markdown.shfbproj
	EndProjectSection
EndProject
Global
	GlobalSection(SolutionConfigurationPlatforms) = preSolution
		Debug451|Any CPU = Debug451|Any CPU
		Release451|Any CPU = Release451|Any CPU
	EndGlobalSection
	GlobalSection(ProjectConfigurationPlatforms) = postSolution
		{8113A9A5-5588-459F-B6B2-2BADDB2FCE80}.Debug451|Any CPU.ActiveCfg = Debug451|Any CPU
		{8113A9A5-5588-459F-B6B2-2BADDB2FCE80}.Debug451|Any CPU.Build.0 = Debug451|Any CPU
		{8113A9A5-5588-459F-B6B2-2BADDB2FCE80}.Release451|Any CPU.ActiveCfg = Release451|Any CPU
		{8113A9A5-5588-459F-B6B2-2BADDB2FCE80}.Release451|Any CPU.Build.0 = Release451|Any CPU
		{DD20A19F-E078-4D99-9E48-234802D66219}.Debug451|Any CPU.ActiveCfg = Debug451|Any CPU
		{DD20A19F-E078-4D99-9E48-234802D66219}.Debug451|Any CPU.Build.0 = Debug451|Any CPU
		{DD20A19F-E078-4D99-9E48-234802D66219}.Release451|Any CPU.ActiveCfg = Release451|Any CPU
		{DD20A19F-E078-4D99-9E48-234802D66219}.Release451|Any CPU.Build.0 = Release451|Any CPU
		{E303F1F2-2643-4100-B4F9-0D6109669837}.Debug451|Any CPU.ActiveCfg = Debug451|Any CPU
		{E303F1F2-2643-4100-B4F9-0D6109669837}.Debug451|Any CPU.Build.0 = Debug451|Any CPU
		{E303F1F2-2643-4100-B4F9-0D6109669837}.Release451|Any CPU.ActiveCfg = Release451|Any CPU
		{E303F1F2-2643-4100-B4F9-0D6109669837}.Release451|Any CPU.Build.0 = Release451|Any CPU
		{2E52C53E-5D5F-4449-B914-E31A88447170}.Debug451|Any CPU.ActiveCfg = Debug451|Any CPU
		{2E52C53E-5D5F-4449-B914-E31A88447170}.Debug451|Any CPU.Build.0 = Debug451|Any CPU
		{2E52C53E-5D5F-4449-B914-E31A88447170}.Release451|Any CPU.ActiveCfg = Release451|Any CPU
		{2E52C53E-5D5F-4449-B914-E31A88447170}.Release451|Any CPU.Build.0 = Release451|Any CPU
		{AC25E10C-9F4D-4470-AAB1-5C6042221CCE}.Debug451|Any CPU.ActiveCfg = Debug451|Any CPU
		{AC25E10C-9F4D-4470-AAB1-5C6042221CCE}.Debug451|Any CPU.Build.0 = Debug451|Any CPU
		{AC25E10C-9F4D-4470-AAB1-5C6042221CCE}.Release451|Any CPU.ActiveCfg = Release451|Any CPU
		{AC25E10C-9F4D-4470-AAB1-5C6042221CCE}.Release451|Any CPU.Build.0 = Release451|Any CPU
		{1884EF87-3EAA-4E9F-9954-200FBA5314F7}.Debug451|Any CPU.ActiveCfg = Debug451|Any CPU
		{1884EF87-3EAA-4E9F-9954-200FBA5314F7}.Debug451|Any CPU.Build.0 = Debug451|Any CPU
		{1884EF87-3EAA-4E9F-9954-200FBA5314F7}.Release451|Any CPU.ActiveCfg = Release451|Any CPU
		{1884EF87-3EAA-4E9F-9954-200FBA5314F7}.Release451|Any CPU.Build.0 = Release451|Any CPU
		{8D47C525-B2EE-4A03-8BC6-E3B172BBB623}.Debug451|Any CPU.ActiveCfg = Debug451|Any CPU
		{8D47C525-B2EE-4A03-8BC6-E3B172BBB623}.Debug451|Any CPU.Build.0 = Debug451|Any CPU
		{8D47C525-B2EE-4A03-8BC6-E3B172BBB623}.Release451|Any CPU.ActiveCfg = Release451|Any CPU
		{8D47C525-B2EE-4A03-8BC6-E3B172BBB623}.Release451|Any CPU.Build.0 = Release451|Any CPU
		{2CEE1E6E-1410-4825-925E-C58EADD59D4E}.Debug451|Any CPU.ActiveCfg = Debug451|Any CPU
		{2CEE1E6E-1410-4825-925E-C58EADD59D4E}.Debug451|Any CPU.Build.0 = Debug451|Any CPU
		{2CEE1E6E-1410-4825-925E-C58EADD59D4E}.Release451|Any CPU.ActiveCfg = Release451|Any CPU
		{2CEE1E6E-1410-4825-925E-C58EADD59D4E}.Release451|Any CPU.Build.0 = Release451|Any CPU
		{46C5DBD5-1025-42BC-AFF9-DCAE7E898068}.Debug451|Any CPU.ActiveCfg = Debug451|Any CPU
		{46C5DBD5-1025-42BC-AFF9-DCAE7E898068}.Debug451|Any CPU.Build.0 = Debug451|Any CPU
		{46C5DBD5-1025-42BC-AFF9-DCAE7E898068}.Release451|Any CPU.ActiveCfg = Release451|Any CPU
		{46C5DBD5-1025-42BC-AFF9-DCAE7E898068}.Release451|Any CPU.Build.0 = Release451|Any CPU
		{11B17B5E-E13D-409E-AAF4-EACBAC27838E}.Debug451|Any CPU.ActiveCfg = Debug451|Any CPU
		{11B17B5E-E13D-409E-AAF4-EACBAC27838E}.Debug451|Any CPU.Build.0 = Debug451|Any CPU
		{11B17B5E-E13D-409E-AAF4-EACBAC27838E}.Release451|Any CPU.ActiveCfg = Release451|Any CPU
		{11B17B5E-E13D-409E-AAF4-EACBAC27838E}.Release451|Any CPU.Build.0 = Release451|Any CPU
		{8529BEC9-340D-44F5-81CF-5E2AD7FB321A}.Debug451|Any CPU.ActiveCfg = Debug451|Any CPU
		{8529BEC9-340D-44F5-81CF-5E2AD7FB321A}.Debug451|Any CPU.Build.0 = Debug451|Any CPU
		{8529BEC9-340D-44F5-81CF-5E2AD7FB321A}.Release451|Any CPU.ActiveCfg = Release451|Any CPU
		{8529BEC9-340D-44F5-81CF-5E2AD7FB321A}.Release451|Any CPU.Build.0 = Release451|Any CPU
		{D276C9BF-179A-47DF-917A-85E68F940D86}.Debug451|Any CPU.ActiveCfg = Debug451|Any CPU
		{D276C9BF-179A-47DF-917A-85E68F940D86}.Debug451|Any CPU.Build.0 = Debug451|Any CPU
		{D276C9BF-179A-47DF-917A-85E68F940D86}.Release451|Any CPU.ActiveCfg = Release451|Any CPU
		{D276C9BF-179A-47DF-917A-85E68F940D86}.Release451|Any CPU.Build.0 = Release451|Any CPU
		{21C99ABD-41BF-4365-8A3D-399D76A6311B}.Debug451|Any CPU.ActiveCfg = Debug451|Any CPU
		{21C99ABD-41BF-4365-8A3D-399D76A6311B}.Debug451|Any CPU.Build.0 = Debug451|Any CPU
		{21C99ABD-41BF-4365-8A3D-399D76A6311B}.Release451|Any CPU.ActiveCfg = Release451|Any CPU
		{21C99ABD-41BF-4365-8A3D-399D76A6311B}.Release451|Any CPU.Build.0 = Release451|Any CPU
		{4D4A7F84-134E-4F5D-B9EC-1B216E8623C9}.Debug451|Any CPU.ActiveCfg = Debug451|Any CPU
		{4D4A7F84-134E-4F5D-B9EC-1B216E8623C9}.Debug451|Any CPU.Build.0 = Debug451|Any CPU
		{4D4A7F84-134E-4F5D-B9EC-1B216E8623C9}.Release451|Any CPU.ActiveCfg = Release451|Any CPU
		{4D4A7F84-134E-4F5D-B9EC-1B216E8623C9}.Release451|Any CPU.Build.0 = Release451|Any CPU
	EndGlobalSection
	GlobalSection(SolutionProperties) = preSolution
		HideSolutionNode = FALSE
	EndGlobalSection
EndGlobal
