
Microsoft Visual Studio Solution File, Format Version 12.00
# Visual Studio Version 16
VisualStudioVersion = 16.0.31624.102
MinimumVisualStudioVersion = 10.0.40219.1
Project("{9A19103F-16F7-4668-BE54-9A1E7A4F7556}") = "TupleGeo.Apps.500", "src\TupleGeo.Apps\src\TupleGeo.Apps.500.csproj", "{3F554CBE-8EB1-4D21-A74D-90F4746F1148}"
EndProject
Project("{9A19103F-16F7-4668-BE54-9A1E7A4F7556}") = "TupleGeo.General.500", "src\TupleGeo.General\src\TupleGeo.General.500.csproj", "{3A6E2A39-64A5-4992-8140-DE7A4E38C841}"
EndProject
Project("{9A19103F-16F7-4668-BE54-9A1E7A4F7556}") = "TupleGeo.Apps.Presentation.500", "src\TupleGeo.Apps.Presentation\src\TupleGeo.Apps.Presentation.500.csproj", "{0867941F-CC8B-43BE-BCBC-32F90BA1A1E3}"
EndProject
Global
	GlobalSection(SolutionConfigurationPlatforms) = preSolution
		Debug500|Any CPU = Debug500|Any CPU
		Release500|Any CPU = Release500|Any CPU
	EndGlobalSection
	GlobalSection(ProjectConfigurationPlatforms) = postSolution
		{3F554CBE-8EB1-4D21-A74D-90F4746F1148}.Debug500|Any CPU.ActiveCfg = Debug500|Any CPU
		{3F554CBE-8EB1-4D21-A74D-90F4746F1148}.Debug500|Any CPU.Build.0 = Debug500|Any CPU
		{3F554CBE-8EB1-4D21-A74D-90F4746F1148}.Release500|Any CPU.ActiveCfg = Release500|Any CPU
		{3F554CBE-8EB1-4D21-A74D-90F4746F1148}.Release500|Any CPU.Build.0 = Release500|Any CPU
		{3A6E2A39-64A5-4992-8140-DE7A4E38C841}.Debug500|Any CPU.ActiveCfg = Debug500|Any CPU
		{3A6E2A39-64A5-4992-8140-DE7A4E38C841}.Debug500|Any CPU.Build.0 = Debug500|Any CPU
		{3A6E2A39-64A5-4992-8140-DE7A4E38C841}.Release500|Any CPU.ActiveCfg = Release500|Any CPU
		{3A6E2A39-64A5-4992-8140-DE7A4E38C841}.Release500|Any CPU.Build.0 = Release500|Any CPU
		{0867941F-CC8B-43BE-BCBC-32F90BA1A1E3}.Debug500|Any CPU.ActiveCfg = Debug500|Any CPU
		{0867941F-CC8B-43BE-BCBC-32F90BA1A1E3}.Debug500|Any CPU.Build.0 = Debug500|Any CPU
		{0867941F-CC8B-43BE-BCBC-32F90BA1A1E3}.Release500|Any CPU.ActiveCfg = Release500|Any CPU
		{0867941F-CC8B-43BE-BCBC-32F90BA1A1E3}.Release500|Any CPU.Build.0 = Release500|Any CPU
	EndGlobalSection
	GlobalSection(SolutionProperties) = preSolution
		HideSolutionNode = FALSE
	EndGlobalSection
	GlobalSection(ExtensibilityGlobals) = postSolution
		SolutionGuid = {87038FCD-7C52-4070-9FB3-502EE5E7EC27}
	EndGlobalSection
EndGlobal
