
Microsoft Visual Studio Solution File, Format Version 12.00
# Visual Studio 2013
VisualStudioVersion = 12.0.31101.0
MinimumVisualStudioVersion = 10.0.40219.1
Project("{FAE04EC0-301F-11D3-BF4B-00C04F79EFBC}") = "TupleGeo.Apps.450", "src\TupleGeo.Apps\src\TupleGeo.Apps.450.csproj", "{8113A9A5-5588-459F-B6B2-2BADDB2FCE80}"
EndProject
Project("{FAE04EC0-301F-11D3-BF4B-00C04F79EFBC}") = "TupleGeo.Apps.Presentation.450", "src\TupleGeo.Apps.Presentation\src\TupleGeo.Apps.Presentation.450.csproj", "{DD20A19F-E078-4D99-9E48-234802D66219}"
EndProject
Project("{FAE04EC0-301F-11D3-BF4B-00C04F79EFBC}") = "TupleGeo.General.450", "src\TupleGeo.General\src\TupleGeo.General.450.csproj", "{E303F1F2-2643-4100-B4F9-0D6109669837}"
EndProject
Project("{FAE04EC0-301F-11D3-BF4B-00C04F79EFBC}") = "TupleGeo.General.Tests.450", "src\TupleGeo.General\tests\TupleGeo.General.Tests.450.csproj", "{2E52C53E-5D5F-4449-B914-E31A88447170}"
EndProject
Project("{FAE04EC0-301F-11D3-BF4B-00C04F79EFBC}") = "TupleGeo.General.ComponentModel.Design.450", "src\TupleGeo.General.ComponentModel.Design\src\TupleGeo.General.ComponentModel.Design.450.csproj", "{AC25E10C-9F4D-4470-AAB1-5C6042221CCE}"
EndProject
Project("{FAE04EC0-301F-11D3-BF4B-00C04F79EFBC}") = "TupleGeo.General.ComponentModel.Design.Tests.450", "src\TupleGeo.General.ComponentModel.Design\tests\TupleGeo.General.ComponentModel.Design.Tests.450.csproj", "{1884EF87-3EAA-4E9F-9954-200FBA5314F7}"
EndProject
Project("{FAE04EC0-301F-11D3-BF4B-00C04F79EFBC}") = "TupleGeo.General.Text.Greek.450", "src\TupleGeo.General.Text.Greek\src\TupleGeo.General.Text.Greek.450.csproj", "{8D47C525-B2EE-4A03-8BC6-E3B172BBB623}"
EndProject
Global
	GlobalSection(SolutionConfigurationPlatforms) = preSolution
		Debug450|Any CPU = Debug450|Any CPU
		Release450|Any CPU = Release450|Any CPU
	EndGlobalSection
	GlobalSection(ProjectConfigurationPlatforms) = postSolution
		{8113A9A5-5588-459F-B6B2-2BADDB2FCE80}.Debug450|Any CPU.ActiveCfg = Debug450|Any CPU
		{8113A9A5-5588-459F-B6B2-2BADDB2FCE80}.Debug450|Any CPU.Build.0 = Debug450|Any CPU
		{8113A9A5-5588-459F-B6B2-2BADDB2FCE80}.Release450|Any CPU.ActiveCfg = Release450|Any CPU
		{8113A9A5-5588-459F-B6B2-2BADDB2FCE80}.Release450|Any CPU.Build.0 = Release450|Any CPU
		{DD20A19F-E078-4D99-9E48-234802D66219}.Debug450|Any CPU.ActiveCfg = Debug450|Any CPU
		{DD20A19F-E078-4D99-9E48-234802D66219}.Debug450|Any CPU.Build.0 = Debug450|Any CPU
		{DD20A19F-E078-4D99-9E48-234802D66219}.Release450|Any CPU.ActiveCfg = Release450|Any CPU
		{DD20A19F-E078-4D99-9E48-234802D66219}.Release450|Any CPU.Build.0 = Release450|Any CPU
		{E303F1F2-2643-4100-B4F9-0D6109669837}.Debug450|Any CPU.ActiveCfg = Debug450|Any CPU
		{E303F1F2-2643-4100-B4F9-0D6109669837}.Debug450|Any CPU.Build.0 = Debug450|Any CPU
		{E303F1F2-2643-4100-B4F9-0D6109669837}.Release450|Any CPU.ActiveCfg = Release450|Any CPU
		{E303F1F2-2643-4100-B4F9-0D6109669837}.Release450|Any CPU.Build.0 = Release450|Any CPU
		{2E52C53E-5D5F-4449-B914-E31A88447170}.Debug450|Any CPU.ActiveCfg = Debug450|Any CPU
		{2E52C53E-5D5F-4449-B914-E31A88447170}.Debug450|Any CPU.Build.0 = Debug450|Any CPU
		{2E52C53E-5D5F-4449-B914-E31A88447170}.Release450|Any CPU.ActiveCfg = Release450|Any CPU
		{2E52C53E-5D5F-4449-B914-E31A88447170}.Release450|Any CPU.Build.0 = Release450|Any CPU
		{AC25E10C-9F4D-4470-AAB1-5C6042221CCE}.Debug450|Any CPU.ActiveCfg = Debug450|Any CPU
		{AC25E10C-9F4D-4470-AAB1-5C6042221CCE}.Debug450|Any CPU.Build.0 = Debug450|Any CPU
		{AC25E10C-9F4D-4470-AAB1-5C6042221CCE}.Release450|Any CPU.ActiveCfg = Release450|Any CPU
		{AC25E10C-9F4D-4470-AAB1-5C6042221CCE}.Release450|Any CPU.Build.0 = Release450|Any CPU
		{1884EF87-3EAA-4E9F-9954-200FBA5314F7}.Debug450|Any CPU.ActiveCfg = Debug450|Any CPU
		{1884EF87-3EAA-4E9F-9954-200FBA5314F7}.Debug450|Any CPU.Build.0 = Debug450|Any CPU
		{1884EF87-3EAA-4E9F-9954-200FBA5314F7}.Release450|Any CPU.ActiveCfg = Release450|Any CPU
		{1884EF87-3EAA-4E9F-9954-200FBA5314F7}.Release450|Any CPU.Build.0 = Release450|Any CPU
		{8D47C525-B2EE-4A03-8BC6-E3B172BBB623}.Debug450|Any CPU.ActiveCfg = Debug450|Any CPU
		{8D47C525-B2EE-4A03-8BC6-E3B172BBB623}.Debug450|Any CPU.Build.0 = Debug450|Any CPU
		{8D47C525-B2EE-4A03-8BC6-E3B172BBB623}.Release450|Any CPU.ActiveCfg = Release450|Any CPU
		{8D47C525-B2EE-4A03-8BC6-E3B172BBB623}.Release450|Any CPU.Build.0 = Release450|Any CPU
	EndGlobalSection
	GlobalSection(SolutionProperties) = preSolution
		HideSolutionNode = FALSE
	EndGlobalSection
EndGlobal
