
Microsoft Visual Studio Solution File, Format Version 12.00
# Visual Studio 2013
VisualStudioVersion = 12.0.31101.0
MinimumVisualStudioVersion = 10.0.40219.1
Project("{FAE04EC0-301F-11D3-BF4B-00C04F79EFBC}") = "TupleGeo.Apps.Presentation.400", "src\TupleGeo.Apps.Presentation.400.csproj", "{DD20A19F-E078-4D99-9E48-234802D66219}"
EndProject
Global
	GlobalSection(SolutionConfigurationPlatforms) = preSolution
		Debug400|Any CPU = Debug400|Any CPU
		Release400|Any CPU = Release400|Any CPU
	EndGlobalSection
	GlobalSection(ProjectConfigurationPlatforms) = postSolution
		{DD20A19F-E078-4D99-9E48-234802D66219}.Debug400|Any CPU.ActiveCfg = Debug400|Any CPU
		{DD20A19F-E078-4D99-9E48-234802D66219}.Debug400|Any CPU.Build.0 = Debug400|Any CPU
		{DD20A19F-E078-4D99-9E48-234802D66219}.Release400|Any CPU.ActiveCfg = Release400|Any CPU
		{DD20A19F-E078-4D99-9E48-234802D66219}.Release400|Any CPU.Build.0 = Release400|Any CPU
	EndGlobalSection
	GlobalSection(SolutionProperties) = preSolution
		HideSolutionNode = FALSE
	EndGlobalSection
EndGlobal
