
Microsoft Visual Studio Solution File, Format Version 12.00
# Visual Studio 2013
VisualStudioVersion = 12.0.30324.0
MinimumVisualStudioVersion = 10.0.40219.1
Project("{FAE04EC0-301F-11D3-BF4B-00C04F79EFBC}") = "TupleGeo.Global.40", "..\TupleGeo.Global\TupleGeo.Global.40.csproj", "{DB427254-F372-42EA-9634-8DDE96E3B193}"
EndProject
Project("{FAE04EC0-301F-11D3-BF4B-00C04F79EFBC}") = "TupleGeo.Presentation.Forms.40", "TupleGeo.Presentation.Forms.40.csproj", "{EEC09ACF-9A54-4D3A-8095-F21B9D0A329D}"
EndProject
Project("{FAE04EC0-301F-11D3-BF4B-00C04F79EFBC}") = "TupleGeo.Resources.40", "..\TupleGeo.Resources\TupleGeo.Resources.40.csproj", "{FCAEA1BE-9CBB-4491-B1CC-4020F1CF82FE}"
EndProject
Global
	GlobalSection(SolutionConfigurationPlatforms) = preSolution
		Debug40|Any CPU = Debug40|Any CPU
		Release40|Any CPU = Release40|Any CPU
	EndGlobalSection
	GlobalSection(ProjectConfigurationPlatforms) = postSolution
		{DB427254-F372-42EA-9634-8DDE96E3B193}.Debug40|Any CPU.ActiveCfg = Debug40|Any CPU
		{DB427254-F372-42EA-9634-8DDE96E3B193}.Debug40|Any CPU.Build.0 = Debug40|Any CPU
		{DB427254-F372-42EA-9634-8DDE96E3B193}.Release40|Any CPU.ActiveCfg = Release40|Any CPU
		{DB427254-F372-42EA-9634-8DDE96E3B193}.Release40|Any CPU.Build.0 = Release40|Any CPU
		{EEC09ACF-9A54-4D3A-8095-F21B9D0A329D}.Debug40|Any CPU.ActiveCfg = Debug40|Any CPU
		{EEC09ACF-9A54-4D3A-8095-F21B9D0A329D}.Debug40|Any CPU.Build.0 = Debug40|Any CPU
		{EEC09ACF-9A54-4D3A-8095-F21B9D0A329D}.Release40|Any CPU.ActiveCfg = Release40|Any CPU
		{EEC09ACF-9A54-4D3A-8095-F21B9D0A329D}.Release40|Any CPU.Build.0 = Release40|Any CPU
		{FCAEA1BE-9CBB-4491-B1CC-4020F1CF82FE}.Debug40|Any CPU.ActiveCfg = Debug40|Any CPU
		{FCAEA1BE-9CBB-4491-B1CC-4020F1CF82FE}.Debug40|Any CPU.Build.0 = Debug40|Any CPU
		{FCAEA1BE-9CBB-4491-B1CC-4020F1CF82FE}.Release40|Any CPU.ActiveCfg = Release40|Any CPU
		{FCAEA1BE-9CBB-4491-B1CC-4020F1CF82FE}.Release40|Any CPU.Build.0 = Release40|Any CPU
	EndGlobalSection
	GlobalSection(SolutionProperties) = preSolution
		HideSolutionNode = FALSE
	EndGlobalSection
EndGlobal
