
Microsoft Visual Studio Solution File, Format Version 12.00
# Visual Studio 2013
VisualStudioVersion = 12.0.31101.0
MinimumVisualStudioVersion = 10.0.40219.1
Project("{FAE04EC0-301F-11D3-BF4B-00C04F79EFBC}") = "TupleGeo.General.Tests.400", "tests\TupleGeo.General.Tests.400.csproj", "{2E52C53E-5D5F-4449-B914-E31A88447170}"
EndProject
Project("{FAE04EC0-301F-11D3-BF4B-00C04F79EFBC}") = "TupleGeo.General.400", "src\TupleGeo.General.400.csproj", "{E303F1F2-2643-4100-B4F9-0D6109669837}"
EndProject
Global
	GlobalSection(SolutionConfigurationPlatforms) = preSolution
		Debug400|Any CPU = Debug400|Any CPU
		Release400|Any CPU = Release400|Any CPU
	EndGlobalSection
	GlobalSection(ProjectConfigurationPlatforms) = postSolution
		{2E52C53E-5D5F-4449-B914-E31A88447170}.Debug400|Any CPU.ActiveCfg = Debug400|Any CPU
		{2E52C53E-5D5F-4449-B914-E31A88447170}.Debug400|Any CPU.Build.0 = Debug400|Any CPU
		{2E52C53E-5D5F-4449-B914-E31A88447170}.Release400|Any CPU.ActiveCfg = Release400|Any CPU
		{2E52C53E-5D5F-4449-B914-E31A88447170}.Release400|Any CPU.Build.0 = Release400|Any CPU
		{E303F1F2-2643-4100-B4F9-0D6109669837}.Debug400|Any CPU.ActiveCfg = Debug400|Any CPU
		{E303F1F2-2643-4100-B4F9-0D6109669837}.Debug400|Any CPU.Build.0 = Debug400|Any CPU
		{E303F1F2-2643-4100-B4F9-0D6109669837}.Release400|Any CPU.ActiveCfg = Release400|Any CPU
		{E303F1F2-2643-4100-B4F9-0D6109669837}.Release400|Any CPU.Build.0 = Release400|Any CPU
	EndGlobalSection
	GlobalSection(SolutionProperties) = preSolution
		HideSolutionNode = FALSE
	EndGlobalSection
EndGlobal
